lockfileVersion: 5.4

specifiers:
  '@parcel/packager-ts': 2.6.0
  '@parcel/transformer-typescript-types': 2.6.2
  '@types/arcgis-js-api': ^4.23.1
  esri-loader: ^3.5.0
  typedoc: ^0.23.5
  typescript: '>=3.0.0'

dependencies:
  esri-loader: localhost+4873/esri-loader/3.5.0

devDependencies:
  '@parcel/packager-ts': 2.6.0_@parcel+core@2.6.2
  '@parcel/transformer-typescript-types': 2.6.2_lkaqhzbnfibkyckap3hu4t4sui
  '@types/arcgis-js-api': localhost+4873/@types/arcgis-js-api/4.23.1
  typedoc: 0.23.5_typescript@4.7.2
  typescript: 4.7.2

packages:

  /@lezer/common/0.15.12:
    resolution: {integrity: sha512-edfwCxNLnzq5pBA/yaIhwJ3U3Kz8VAUOTRg0hhxaizaI1N+qxV7EXDv/kLCkLeq2RzSFvxexlaj5Mzfn2kY0Ig==}
    dev: true

  /@lezer/lr/0.15.8:
    resolution: {integrity: sha512-bM6oE6VQZ6hIFxDNKk8bKPa14hqFrV07J/vHGOeiAbJReIaQXmkVb6xQu4MR+JBTLa5arGRyAAjJe1qaQt3Uvg==}
    dependencies:
      '@lezer/common': 0.15.12
    dev: true

  /@lmdb/lmdb-darwin-arm64/2.5.2:
    resolution: {integrity: sha512-+F8ioQIUN68B4UFiIBYu0QQvgb9FmlKw2ctQMSBfW2QBrZIxz9vD9jCGqTCPqZBRbPHAS/vG1zSXnKqnS2ch/A==}
    cpu: [arm64]
    os: [darwin]
    requiresBuild: true
    dev: true
    optional: true

  /@lmdb/lmdb-darwin-x64/2.5.2:
    resolution: {integrity: sha512-KvPH56KRLLx4KSfKBx0m1r7GGGUMXm0jrKmNE7plbHlesZMuPJICtn07HYgQhj1LNsK7Yqwuvnqh1QxhJnF1EA==}
    cpu: [x64]
    os: [darwin]
    requiresBuild: true
    dev: true
    optional: true

  /@lmdb/lmdb-linux-arm/2.5.2:
    resolution: {integrity: sha512-5kQAP21hAkfW5Bl+e0P57dV4dGYnkNIpR7f/GAh6QHlgXx+vp/teVj4PGRZaKAvt0GX6++N6hF8NnGElLDuIDw==}
    cpu: [arm]
    os: [linux]
    requiresBuild: true
    dev: true
    optional: true

  /@lmdb/lmdb-linux-arm64/2.5.2:
    resolution: {integrity: sha512-aLl89VHL/wjhievEOlPocoefUyWdvzVrcQ/MHQYZm2JfV1jUsrbr/ZfkPPUFvZBf+VSE+Q0clWs9l29PCX1hTQ==}
    cpu: [arm64]
    os: [linux]
    requiresBuild: true
    dev: true
    optional: true

  /@lmdb/lmdb-linux-x64/2.5.2:
    resolution: {integrity: sha512-xUdUfwDJLGjOUPH3BuPBt0NlIrR7f/QHKgu3GZIXswMMIihAekj2i97oI0iWG5Bok/b+OBjHPfa8IU9velnP/Q==}
    cpu: [x64]
    os: [linux]
    requiresBuild: true
    dev: true
    optional: true

  /@lmdb/lmdb-win32-x64/2.5.2:
    resolution: {integrity: sha512-zrBczSbXKxEyK2ijtbRdICDygRqWSRPpZMN5dD1T8VMEW5RIhIbwFWw2phDRXuBQdVDpSjalCIUMWMV2h3JaZA==}
    cpu: [x64]
    os: [win32]
    requiresBuild: true
    dev: true
    optional: true

  /@mischnic/json-sourcemap/0.1.0:
    resolution: {integrity: sha512-dQb3QnfNqmQNYA4nFSN/uLaByIic58gOXq4Y4XqLOWmOrw73KmJPt/HLyG0wvn1bnR6mBKs/Uwvkh+Hns1T0XA==}
    engines: {node: '>=12.0.0'}
    dependencies:
      '@lezer/common': 0.15.12
      '@lezer/lr': 0.15.8
      json5: 2.2.1
    dev: true

  /@msgpackr-extract/msgpackr-extract-darwin-arm64/2.0.2:
    resolution: {integrity: sha512-FMX5i7a+ojIguHpWbzh5MCsCouJkwf4z4ejdUY/fsgB9Vkdak4ZnoIEskOyOUMMB4lctiZFGszFQJXUeFL8tRg==}
    cpu: [arm64]
    os: [darwin]
    requiresBuild: true
    dev: true
    optional: true

  /@msgpackr-extract/msgpackr-extract-darwin-x64/2.0.2:
    resolution: {integrity: sha512-DznYtF3lHuZDSRaIOYeif4JgO0NtO2Xf8DsngAugMx/bUdTFbg86jDTmkVJBNmV+cxszz6OjGvinnS8AbJ342g==}
    cpu: [x64]
    os: [darwin]
    requiresBuild: true
    dev: true
    optional: true

  /@msgpackr-extract/msgpackr-extract-linux-arm/2.0.2:
    resolution: {integrity: sha512-Gy9+c3Wj+rUlD3YvCZTi92gs+cRX7ZQogtwq0IhRenloTTlsbpezNgk6OCkt59V4ATEWSic9rbU92H/l7XsRvA==}
    cpu: [arm]
    os: [linux]
    requiresBuild: true
    dev: true
    optional: true

  /@msgpackr-extract/msgpackr-extract-linux-arm64/2.0.2:
    resolution: {integrity: sha512-b0jMEo566YdM2K+BurSed7bswjo3a6bcdw5ETqoIfSuxKuRLPfAiOjVbZyZBgx3J/TAM/QrvEQ/VN89A0ZAxSg==}
    cpu: [arm64]
    os: [linux]
    requiresBuild: true
    dev: true
    optional: true

  /@msgpackr-extract/msgpackr-extract-linux-x64/2.0.2:
    resolution: {integrity: sha512-zrBHaePwcv4cQXxzYgNj0+A8I1uVN97E7/3LmkRocYZ+rMwUsnPpp4RuTAHSRoKlTQV3nSdCQW4Qdt4MXw/iHw==}
    cpu: [x64]
    os: [linux]
    requiresBuild: true
    dev: true
    optional: true

  /@msgpackr-extract/msgpackr-extract-win32-x64/2.0.2:
    resolution: {integrity: sha512-fpnI00dt+yO1cKx9qBXelKhPBdEgvc8ZPav1+0r09j0woYQU2N79w/jcGawSY5UGlgQ3vjaJsFHnGbGvvqdLzg==}
    cpu: [x64]
    os: [win32]
    requiresBuild: true
    dev: true
    optional: true

  /@parcel/cache/2.6.0_@parcel+core@2.6.2:
    resolution: {integrity: sha512-4vbD5uSuf+kRnrFesKhpn0AKnOw8u2UlvCyrplYmp1g9bNAkIooC/nDGdmkb/9SviPEbni9PEanQEHDU2+slpA==}
    engines: {node: '>= 12.0.0'}
    peerDependencies:
      '@parcel/core': ^2.6.0
    dependencies:
      '@parcel/core': 2.6.2
      '@parcel/fs': 2.6.0_@parcel+core@2.6.2
      '@parcel/logger': 2.6.0
      '@parcel/utils': 2.6.0
      lmdb: 2.3.10
    dev: true

  /@parcel/cache/2.6.2_@parcel+core@2.6.2:
    resolution: {integrity: sha512-hhJ6AsEGybeQZd9c/GYqfcKTgZKQXu3Xih6TlnP3gdR3KZoJOnb40ovHD1yYg4COvfcXThKP1cVJ18J6rcv3IA==}
    engines: {node: '>= 12.0.0'}
    peerDependencies:
      '@parcel/core': ^2.6.2
    dependencies:
      '@parcel/core': 2.6.2
      '@parcel/fs': 2.6.2_@parcel+core@2.6.2
      '@parcel/logger': 2.6.2
      '@parcel/utils': 2.6.2
      lmdb: 2.5.2
    dev: true

  /@parcel/codeframe/2.6.0:
    resolution: {integrity: sha512-yXXxrO9yyedHKpTwC+Af0+vPmQm+A9xeEhkt4f0yVg1n4t4yUIxYlTedzbM8ygZEEBtkXU9jJ+PkgXbfMf0dqw==}
    engines: {node: '>= 12.0.0'}
    dependencies:
      chalk: 4.1.2
    dev: true

  /@parcel/codeframe/2.6.2:
    resolution: {integrity: sha512-oFlHr6HCaYYsB4SHkU+gn9DKtbzvv3/4NdwMX0/6NAKyYVI7inEsXyPGw2Bbd2ZCFatW9QJZUETF0etvh5AEfQ==}
    engines: {node: '>= 12.0.0'}
    dependencies:
      chalk: 4.1.2
    dev: true

  /@parcel/core/2.6.2:
    resolution: {integrity: sha512-JlKS3Ux0ngmdooSBbzQLShHJdsapF9E7TGMo1hFaHRquZip/DaqzvysYrgMJlDuCoLArciq5ei7ZKzGeK9zexA==}
    engines: {node: '>= 12.0.0'}
    dependencies:
      '@mischnic/json-sourcemap': 0.1.0
      '@parcel/cache': 2.6.2_@parcel+core@2.6.2
      '@parcel/diagnostic': 2.6.2
      '@parcel/events': 2.6.2
      '@parcel/fs': 2.6.2_@parcel+core@2.6.2
      '@parcel/graph': 2.6.2
      '@parcel/hash': 2.6.2
      '@parcel/logger': 2.6.2
      '@parcel/package-manager': 2.6.2_@parcel+core@2.6.2
      '@parcel/plugin': 2.6.2_@parcel+core@2.6.2
      '@parcel/source-map': 2.0.5
      '@parcel/types': 2.6.2_@parcel+core@2.6.2
      '@parcel/utils': 2.6.2
      '@parcel/workers': 2.6.2_@parcel+core@2.6.2
      abortcontroller-polyfill: 1.7.3
      base-x: 3.0.9
      browserslist: 4.21.1
      clone: 2.1.2
      dotenv: 7.0.0
      dotenv-expand: 5.1.0
      json5: 2.2.1
      msgpackr: 1.6.1
      nullthrows: 1.1.1
      semver: 5.7.1
    dev: true

  /@parcel/diagnostic/2.6.0:
    resolution: {integrity: sha512-+p8gC2FKxSI2veD7SoaNlP572v4kw+nafCQEPDtJuzYYRqywYUGncch25dkpgNApB4W4cXVkZu3ZbtIpCAmjQQ==}
    engines: {node: '>= 12.0.0'}
    dependencies:
      '@mischnic/json-sourcemap': 0.1.0
      nullthrows: 1.1.1
    dev: true

  /@parcel/diagnostic/2.6.2:
    resolution: {integrity: sha512-3ODSBkKVihENU763z1/1DhGAWFhYWRxOCOShC72KXp+GFnSgGiBsxclu8NBa/N948Rzp8lqQI8U1nLcKkh0O/w==}
    engines: {node: '>= 12.0.0'}
    dependencies:
      '@mischnic/json-sourcemap': 0.1.0
      nullthrows: 1.1.1
    dev: true

  /@parcel/events/2.6.0:
    resolution: {integrity: sha512-2WaKtBs4iYwS88j4zRdyTJTgh8iuY4E32FMmjzzbheqETs6I05gWuPReGukJYxk8vc0Ir7tbzp12oAfpgo0Y+g==}
    engines: {node: '>= 12.0.0'}
    dev: true

  /@parcel/events/2.6.2:
    resolution: {integrity: sha512-IaCjOeA5ercdFVi1EZOmUHhGfIysmCUgc2Th9hMugSFO0I3GzRsBcAdP6XPfWm+TV6sQ/qZRfdk/drUxoAupnw==}
    engines: {node: '>= 12.0.0'}
    dev: true

  /@parcel/fs-search/2.6.0:
    resolution: {integrity: sha512-1nXzM3H/cA4kzLKvDBvwmNisKCdRqlgkLXh+OR1Zu28Kn4W34KuJMcHWW8cC+WIuuKqDh5oo2WPsC5y65GXBKQ==}
    engines: {node: '>= 12.0.0'}
    dependencies:
      detect-libc: 1.0.3
    dev: true

  /@parcel/fs-search/2.6.2:
    resolution: {integrity: sha512-4STid1zqtGnmGjHD/2TG2g/zPDiCTtE3IAS24QYH3eiUAz2uoKGgEqd2tZbZ2yI96jtCuIhC1bzVu8Hbykls7w==}
    engines: {node: '>= 12.0.0'}
    dependencies:
      detect-libc: 1.0.3
    dev: true

  /@parcel/fs/2.6.0_@parcel+core@2.6.2:
    resolution: {integrity: sha512-6vxtx5Zy6MvDvH1EPx9JxjKGF03bR7VE1dUf4HLeX2D8YmpL5hkHJnlRCFdcH08rzOVwaJLzg1QNtblWJXQ9CA==}
    engines: {node: '>= 12.0.0'}
    peerDependencies:
      '@parcel/core': ^2.6.0
    dependencies:
      '@parcel/core': 2.6.2
      '@parcel/fs-search': 2.6.0
      '@parcel/types': 2.6.0_@parcel+core@2.6.2
      '@parcel/utils': 2.6.0
      '@parcel/watcher': 2.0.5
      '@parcel/workers': 2.6.0_@parcel+core@2.6.2
    dev: true

  /@parcel/fs/2.6.2_@parcel+core@2.6.2:
    resolution: {integrity: sha512-mIhqdF3tjgeoIGqW7Nc/xfM2ClID7o8livwUe5lpQEP+ZaIBiMigXs6ckv3WToCACK+3uylrSD2A/HmlhrxMqQ==}
    engines: {node: '>= 12.0.0'}
    peerDependencies:
      '@parcel/core': ^2.6.2
    dependencies:
      '@parcel/core': 2.6.2
      '@parcel/fs-search': 2.6.2
      '@parcel/types': 2.6.2_@parcel+core@2.6.2
      '@parcel/utils': 2.6.2
      '@parcel/watcher': 2.0.5
      '@parcel/workers': 2.6.2_@parcel+core@2.6.2
    dev: true

  /@parcel/graph/2.6.2:
    resolution: {integrity: sha512-DPH4G/RBFJWayIN2fnhDXqhUw75n7k15YsGzdDKiXuwwz4wMOjoL4cyrI6zOf1SIyh3guRmeTYJ4jjPzwrLYww==}
    engines: {node: '>= 12.0.0'}
    dependencies:
      '@parcel/utils': 2.6.2
      nullthrows: 1.1.1
    dev: true

  /@parcel/hash/2.6.0:
    resolution: {integrity: sha512-YugWqhLxqK80Lo++3B3Kr5UPCHOdS8iI2zJ1jkzUeH9v6WUzbwWOnmPf6lN2S5m1BrIFFJd8Jc+CbEXWi8zoJA==}
    engines: {node: '>= 12.0.0'}
    dependencies:
      detect-libc: 1.0.3
      xxhash-wasm: 0.4.2
    dev: true

  /@parcel/hash/2.6.2:
    resolution: {integrity: sha512-tFB+cJU1Wqag6WyJgsmx3nx+xhmjcNZqtWh/MtK1lHNnZdDRk6bjr7SapnygBwruz+SmSt5bbdVThcpk2dRCcA==}
    engines: {node: '>= 12.0.0'}
    dependencies:
      detect-libc: 1.0.3
      xxhash-wasm: 0.4.2
    dev: true

  /@parcel/logger/2.6.0:
    resolution: {integrity: sha512-J1/7kPfSGBvMKSZdi0WCNuN0fIeiWxifnDGn7W/K8KhD422YwFJA8N046ps8nkDOPIXf1osnIECNp4GIR9oSYw==}
    engines: {node: '>= 12.0.0'}
    dependencies:
      '@parcel/diagnostic': 2.6.0
      '@parcel/events': 2.6.0
    dev: true

  /@parcel/logger/2.6.2:
    resolution: {integrity: sha512-Sz5YGCj1DbEiX0/G8Uw97LLZ0uEK+qtWcRAkHNpJpeMiSqDiRNevxXltz42EcLo+oCh4d4wyiVzwi9mNwzhS/Q==}
    engines: {node: '>= 12.0.0'}
    dependencies:
      '@parcel/diagnostic': 2.6.2
      '@parcel/events': 2.6.2
    dev: true

  /@parcel/markdown-ansi/2.6.0:
    resolution: {integrity: sha512-fyjkrJQQSfKTUFTTasdZ6WrAkDoQ2+DYDjj+3p+RncYyrIa9zArKx4IiRiipsvNdtMvP0/hTdK8F3BOJ3KSU/g==}
    engines: {node: '>= 12.0.0'}
    dependencies:
      chalk: 4.1.2
    dev: true

  /@parcel/markdown-ansi/2.6.2:
    resolution: {integrity: sha512-N/h9J4eibhc+B+krzvPMzFUWL37GudBIZBa7XSLkcuH6MnYYfh6rrMvhIyyESwk6VkcZNVzAeZrGQqxEs0dHDQ==}
    engines: {node: '>= 12.0.0'}
    dependencies:
      chalk: 4.1.2
    dev: true

  /@parcel/package-manager/2.6.0_@parcel+core@2.6.2:
    resolution: {integrity: sha512-AqFfdkbOw51q/3ia2mIsFTmrpYEyUb3k+2uYC5GsLMz3go6OGn7/Crz0lZLSclv5EtwpRg3TWr9yL7RekVN/Uw==}
    engines: {node: '>= 12.0.0'}
    peerDependencies:
      '@parcel/core': ^2.6.0
    dependencies:
      '@parcel/core': 2.6.2
      '@parcel/diagnostic': 2.6.0
      '@parcel/fs': 2.6.0_@parcel+core@2.6.2
      '@parcel/logger': 2.6.0
      '@parcel/types': 2.6.0_@parcel+core@2.6.2
      '@parcel/utils': 2.6.0
      '@parcel/workers': 2.6.0_@parcel+core@2.6.2
      semver: 5.7.1
    dev: true

  /@parcel/package-manager/2.6.2_@parcel+core@2.6.2:
    resolution: {integrity: sha512-xGMqTgnwTE3rgzYwUZMKxR8fzmP5iSYz/gj2H8FR3pEmwh/8xCMtNjTSth+hPVGuqgRZ6JxwpfdY/fXdZ61ViQ==}
    engines: {node: '>= 12.0.0'}
    peerDependencies:
      '@parcel/core': ^2.6.2
    dependencies:
      '@parcel/core': 2.6.2
      '@parcel/diagnostic': 2.6.2
      '@parcel/fs': 2.6.2_@parcel+core@2.6.2
      '@parcel/logger': 2.6.2
      '@parcel/types': 2.6.2_@parcel+core@2.6.2
      '@parcel/utils': 2.6.2
      '@parcel/workers': 2.6.2_@parcel+core@2.6.2
      semver: 5.7.1
    dev: true

  /@parcel/packager-ts/2.6.0_@parcel+core@2.6.2:
    resolution: {integrity: sha512-JDKmXHUEGsMy6plDigPKkNhXWPm/6KIvXpg7/WMswzO23adtgWr2x9yz1Filt4JO0lxnDrdRJedUJxTwaDSYiA==}
    engines: {node: '>= 12.0.0', parcel: ^2.6.0}
    dependencies:
      '@parcel/plugin': 2.6.0_@parcel+core@2.6.2
    transitivePeerDependencies:
      - '@parcel/core'
    dev: true

  /@parcel/plugin/2.6.0_@parcel+core@2.6.2:
    resolution: {integrity: sha512-LzOaiK8R6eFEoov1cb3/W+o0XvXdI/VbDhMDl0L0II+/56M0UeayYtFP5QGTDn/fZqVlYfzPCtt3EMwdG7/dow==}
    engines: {node: '>= 12.0.0'}
    dependencies:
      '@parcel/types': 2.6.0_@parcel+core@2.6.2
    transitivePeerDependencies:
      - '@parcel/core'
    dev: true

  /@parcel/plugin/2.6.2_@parcel+core@2.6.2:
    resolution: {integrity: sha512-wbbWsM23Pr+8xtLSvf+UopXdVYlpKCCx6PuuZaZcKo+9IcDCWoGXD4M8Kkz14qBmkFn5uM00mULUqmVdSibB2w==}
    engines: {node: '>= 12.0.0'}
    dependencies:
      '@parcel/types': 2.6.2_@parcel+core@2.6.2
    transitivePeerDependencies:
      - '@parcel/core'
    dev: true

  /@parcel/source-map/2.0.5:
    resolution: {integrity: sha512-DRVlCFKLpqBSIbMxUoVlHgfiv12HTW/U7nnhzw52YgzDVXUX9OA41dXS1PU0pJ1si+D1k8msATUC+AoldN43mg==}
    engines: {node: ^12.18.3 || >=14}
    dependencies:
      detect-libc: 1.0.3
    dev: true

  /@parcel/transformer-typescript-types/2.6.2_lkaqhzbnfibkyckap3hu4t4sui:
    resolution: {integrity: sha512-p2Ctikbnfof/GbWE67Fg0VlKkTYfbDujxHuk+qAm7XXGZe48dOc7l7CQ7swvapkUWkL3rKtsLAf3HecLz4D10Q==}
    engines: {node: '>= 12.0.0', parcel: ^2.6.2}
    peerDependencies:
      typescript: '>=3.0.0'
    dependencies:
      '@parcel/diagnostic': 2.6.2
      '@parcel/plugin': 2.6.2_@parcel+core@2.6.2
      '@parcel/source-map': 2.0.5
      '@parcel/ts-utils': 2.6.2_typescript@4.7.2
      '@parcel/utils': 2.6.2
      nullthrows: 1.1.1
      typescript: 4.7.2
    transitivePeerDependencies:
      - '@parcel/core'
    dev: true

  /@parcel/ts-utils/2.6.2_typescript@4.7.2:
    resolution: {integrity: sha512-PqmjyBYIa56bSjeumJj/tEFooYOBePw8PVi9dU1dkuJoBtDJl/+s/GPW2JnupaplKnlEtX8ag922vjua4A9gsg==}
    engines: {node: '>= 12.0.0'}
    peerDependencies:
      typescript: '>=3.0.0'
    dependencies:
      nullthrows: 1.1.1
      typescript: 4.7.2
    dev: true

  /@parcel/types/2.6.0:
    resolution: {integrity: sha512-lAMYvOBfNEJMsPJ+plbB50305o0TwNrY1xX5RRIWBqwOa6bYmbW1ZljUk1tQvnkpIE4eAHQwnPR5Z2XWg18wGQ==}
    dependencies:
      '@parcel/cache': 2.6.0_@parcel+core@2.6.2
      '@parcel/diagnostic': 2.6.0
      '@parcel/fs': 2.6.0_@parcel+core@2.6.2
      '@parcel/package-manager': 2.6.0_@parcel+core@2.6.2
      '@parcel/source-map': 2.0.5
      '@parcel/workers': 2.6.0_@parcel+core@2.6.2
      utility-types: 3.10.0
    dev: true

  /@parcel/types/2.6.0_@parcel+core@2.6.2:
    resolution: {integrity: sha512-lAMYvOBfNEJMsPJ+plbB50305o0TwNrY1xX5RRIWBqwOa6bYmbW1ZljUk1tQvnkpIE4eAHQwnPR5Z2XWg18wGQ==}
    dependencies:
      '@parcel/cache': 2.6.0_@parcel+core@2.6.2
      '@parcel/diagnostic': 2.6.0
      '@parcel/fs': 2.6.0_@parcel+core@2.6.2
      '@parcel/package-manager': 2.6.0_@parcel+core@2.6.2
      '@parcel/source-map': 2.0.5
      '@parcel/workers': 2.6.0_@parcel+core@2.6.2
      utility-types: 3.10.0
    transitivePeerDependencies:
      - '@parcel/core'
    dev: true

  /@parcel/types/2.6.2:
    resolution: {integrity: sha512-MV8BFpCIs2jMUvK2RHqzkoiuOQ//JIbrD1zocA2YRW3zuPL/iABvbAABJoXpoPCKikVWOoCWASgBfWQo26VvJQ==}
    dependencies:
      '@parcel/cache': 2.6.2_@parcel+core@2.6.2
      '@parcel/diagnostic': 2.6.2
      '@parcel/fs': 2.6.2_@parcel+core@2.6.2
      '@parcel/package-manager': 2.6.2_@parcel+core@2.6.2
      '@parcel/source-map': 2.0.5
      '@parcel/workers': 2.6.2_@parcel+core@2.6.2
      utility-types: 3.10.0
    dev: true

  /@parcel/types/2.6.2_@parcel+core@2.6.2:
    resolution: {integrity: sha512-MV8BFpCIs2jMUvK2RHqzkoiuOQ//JIbrD1zocA2YRW3zuPL/iABvbAABJoXpoPCKikVWOoCWASgBfWQo26VvJQ==}
    dependencies:
      '@parcel/cache': 2.6.2_@parcel+core@2.6.2
      '@parcel/diagnostic': 2.6.2
      '@parcel/fs': 2.6.2_@parcel+core@2.6.2
      '@parcel/package-manager': 2.6.2_@parcel+core@2.6.2
      '@parcel/source-map': 2.0.5
      '@parcel/workers': 2.6.2_@parcel+core@2.6.2
      utility-types: 3.10.0
    transitivePeerDependencies:
      - '@parcel/core'
    dev: true

  /@parcel/utils/2.6.0:
    resolution: {integrity: sha512-ElXz+QHtT1JQIucbQJBk7SzAGoOlBp4yodEQVvTKS7GA+hEGrSP/cmibl6qm29Rjtd0zgQsdd+2XmP3xvP2gQQ==}
    engines: {node: '>= 12.0.0'}
    dependencies:
      '@parcel/codeframe': 2.6.0
      '@parcel/diagnostic': 2.6.0
      '@parcel/hash': 2.6.0
      '@parcel/logger': 2.6.0
      '@parcel/markdown-ansi': 2.6.0
      '@parcel/source-map': 2.0.5
      chalk: 4.1.2
    dev: true

  /@parcel/utils/2.6.2:
    resolution: {integrity: sha512-Ug7hpRxjgbY5AopW55nY7MmGMVmwmN+ihfCmxJkBUoESTG/3iq8uME7GjyOgW5DkQc2K7q62i8y8N0wCJT1u4Q==}
    engines: {node: '>= 12.0.0'}
    dependencies:
      '@parcel/codeframe': 2.6.2
      '@parcel/diagnostic': 2.6.2
      '@parcel/hash': 2.6.2
      '@parcel/logger': 2.6.2
      '@parcel/markdown-ansi': 2.6.2
      '@parcel/source-map': 2.0.5
      chalk: 4.1.2
    dev: true

  /@parcel/watcher/2.0.5:
    resolution: {integrity: sha512-x0hUbjv891omnkcHD7ZOhiyyUqUUR6MNjq89JhEI3BxppeKWAm6NPQsqqRrAkCJBogdT/o/My21sXtTI9rJIsw==}
    engines: {node: '>= 10.0.0'}
    requiresBuild: true
    dependencies:
      node-addon-api: 3.2.1
      node-gyp-build: 4.4.0
    dev: true

  /@parcel/workers/2.6.0_@parcel+core@2.6.2:
    resolution: {integrity: sha512-3tcI2LF5fd/WZtSnSjyWdDE+G+FitdNrRgSObzSp+axHKMAM23sO0z7KY8s2SYCF40msdYbFUW8eI6JlYNJoWQ==}
    engines: {node: '>= 12.0.0'}
    peerDependencies:
      '@parcel/core': ^2.6.0
    dependencies:
      '@parcel/core': 2.6.2
      '@parcel/diagnostic': 2.6.0
      '@parcel/logger': 2.6.0
      '@parcel/types': 2.6.0
      '@parcel/utils': 2.6.0
      chrome-trace-event: 1.0.3
      nullthrows: 1.1.1
    dev: true

  /@parcel/workers/2.6.2_@parcel+core@2.6.2:
    resolution: {integrity: sha512-wBgUjJQm+lDd12fPRUmk09+ujTA9DgwPdqylSFK0OtI/yT6A+2kArUqjp8IwWo2tCJXoMzXBne2XQIWKqMiN4Q==}
    engines: {node: '>= 12.0.0'}
    peerDependencies:
      '@parcel/core': ^2.6.2
    dependencies:
      '@parcel/core': 2.6.2
      '@parcel/diagnostic': 2.6.2
      '@parcel/logger': 2.6.2
      '@parcel/types': 2.6.2
      '@parcel/utils': 2.6.2
      chrome-trace-event: 1.0.3
      nullthrows: 1.1.1
    dev: true

  /abortcontroller-polyfill/1.7.3:
    resolution: {integrity: sha512-zetDJxd89y3X99Kvo4qFx8GKlt6GsvN3UcRZHwU6iFA/0KiOmhkTVhe8oRoTBiTVPZu09x3vCra47+w8Yz1+2Q==}
    dev: true

  /ansi-styles/4.3.0:
    resolution: {integrity: sha512-zbB9rCJAT1rbjiVDb2hqKFHNYLxgtk8NURxZ3IZwD3F6NtxbXZQCnnSi1Lkx+IDohdPlFp222wVALIheZJQSEg==}
    engines: {node: '>=8'}
    dependencies:
      color-convert: 2.0.1
    dev: true

  /balanced-match/1.0.2:
    resolution: {integrity: sha512-3oSeUO0TMV67hN1AmbXsK4yaqU7tjiHlbxRDZOpH0KW9+CeX4bRAaX0Anxt0tx2MrpRpWwQaPwIlISEJhYU5Pw==}
    dev: true

  /base-x/3.0.9:
    resolution: {integrity: sha512-H7JU6iBHTal1gp56aKoaa//YUxEaAOUiydvrV/pILqIHXTtqxSkATOnDA2u+jZ/61sD+L/412+7kzXRtWukhpQ==}
    dependencies:
      safe-buffer: 5.2.1
    dev: true

  /brace-expansion/2.0.1:
    resolution: {integrity: sha512-XnAIvQ8eM+kC6aULx6wuQiwVsnzsi9d3WxzV3FpWTGA19F621kwdbsAcFKXgKUHZWsy+mY6iL1sHTxWEFCytDA==}
    dependencies:
      balanced-match: 1.0.2
    dev: true

  /browserslist/4.21.1:
    resolution: {integrity: sha512-Nq8MFCSrnJXSc88yliwlzQe3qNe3VntIjhsArW9IJOEPSHNx23FalwApUVbzAWABLhYJJ7y8AynWI/XM8OdfjQ==}
    engines: {node: ^6 || ^7 || ^8 || ^9 || ^10 || ^11 || ^12 || >=13.7}
    hasBin: true
    dependencies:
      caniuse-lite: 1.0.30001361
      electron-to-chromium: 1.4.177
      node-releases: 2.0.5
      update-browserslist-db: 1.0.4_browserslist@4.21.1
    dev: true

  /caniuse-lite/1.0.30001361:
    resolution: {integrity: sha512-ybhCrjNtkFji1/Wto6SSJKkWk6kZgVQsDq5QI83SafsF6FXv2JB4df9eEdH6g8sdGgqTXrFLjAxqBGgYoU3azQ==}
    dev: true

  /chalk/4.1.2:
    resolution: {integrity: sha512-oKnbhFyRIXpUuez8iBMmyEa4nbj4IOQyuhc/wy9kY7/WVPcwIO9VA668Pu8RkO7+0G76SLROeyw9CpQ061i4mA==}
    engines: {node: '>=10'}
    dependencies:
      ansi-styles: 4.3.0
      supports-color: 7.2.0
    dev: true

  /chrome-trace-event/1.0.3:
    resolution: {integrity: sha512-p3KULyQg4S7NIHixdwbGX+nFHkoBiA4YQmyWtjb8XngSKV124nJmRysgAeujbUVb15vh+RvFUfCPqU7rXk+hZg==}
    engines: {node: '>=6.0'}
    dev: true

  /clone/2.1.2:
    resolution: {integrity: sha512-3Pe/CF1Nn94hyhIYpjtiLhdCoEoz0DqQ+988E9gmeEdQZlojxnOb74wctFyuwWQHzqyf9X7C7MG8juUpqBJT8w==}
    engines: {node: '>=0.8'}
    dev: true

  /color-convert/2.0.1:
    resolution: {integrity: sha512-RRECPsj7iu/xb5oKYcsFHSppFNnsj/52OVTRKb4zP5onXwVF3zVmmToNcOfGC+CRDpfK/U584fMg38ZHCaElKQ==}
    engines: {node: '>=7.0.0'}
    dependencies:
      color-name: 1.1.4
    dev: true

  /color-name/1.1.4:
    resolution: {integrity: sha512-dOy+3AuW3a2wNbZHIuMZpTcgjGuLU/uBL/ubcZF9OXbDo8ff4O8yVp5Bf0efS8uEoYo5q4Fx7dY9OgQGXgAsQA==}
    dev: true

  /detect-libc/1.0.3:
    resolution: {integrity: sha1-+hN8S9aY7fVc1c0CrFWfkaTEups=}
    engines: {node: '>=0.10'}
    hasBin: true
    dev: true

  /dotenv-expand/5.1.0:
    resolution: {integrity: sha512-YXQl1DSa4/PQyRfgrv6aoNjhasp/p4qs9FjJ4q4cQk+8m4r6k4ZSiEyytKG8f8W9gi8WsQtIObNmKd+tMzNTmA==}
    dev: true

  /dotenv/7.0.0:
    resolution: {integrity: sha512-M3NhsLbV1i6HuGzBUH8vXrtxOk+tWmzWKDMbAVSUp3Zsjm7ywFeuwrUXhmhQyRK1q5B5GGy7hcXPbj3bnfZg2g==}
    engines: {node: '>=6'}
    dev: true

  /electron-to-chromium/1.4.177:
    resolution: {integrity: sha512-FYPir3NSBEGexSZUEeht81oVhHfLFl6mhUKSkjHN/iB/TwEIt/WHQrqVGfTLN5gQxwJCQkIJBe05eOXjI7omgg==}
    dev: true

  /escalade/3.1.1:
    resolution: {integrity: sha512-k0er2gUkLf8O0zKJiAhmkTnJlTvINGv7ygDNPbeIsX/TJjGJZHuh9B2UxbsaEkmlEo9MfhrSzmhIlhRlI2GXnw==}
    engines: {node: '>=6'}
    dev: true

  /has-flag/4.0.0:
    resolution: {integrity: sha512-EykJT/Q1KjTWctppgIAgfSO0tKVuZUjhgMr17kqTumMl6Afv3EISleU7qZUzoXDFTAHTDC4NOoG/ZxU3EvlMPQ==}
    engines: {node: '>=8'}
    dev: true

  /json5/2.2.1:
    resolution: {integrity: sha512-1hqLFMSrGHRHxav9q9gNjJ5EXznIxGVO09xQRrwplcS8qs28pZ8s8hupZAmqDwZUmVZ2Qb2jnyPOWcDH8m8dlA==}
    engines: {node: '>=6'}
    hasBin: true
    dev: true

  /jsonc-parser/3.0.0:
    resolution: {integrity: sha512-fQzRfAbIBnR0IQvftw9FJveWiHp72Fg20giDrHz6TdfB12UH/uue0D3hm57UB5KgAVuniLMCaS8P1IMj9NR7cA==}
    dev: true

  /lmdb-darwin-arm64/2.3.10:
    resolution: {integrity: sha512-LVXbH2MYu7/ZuQ8+P9rv+SwNyBKltxo7vHAGJS94HWyfwnCbKEYER9PImBvNBwzvgtaYk6x0RMX3oor6e6KdDQ==}
    cpu: [arm64]
    os: [darwin]
    requiresBuild: true
    dev: true
    optional: true

  /lmdb-darwin-x64/2.3.10:
    resolution: {integrity: sha512-gAc/1b/FZOb9yVOT+o0huA+hdW82oxLo5r22dFTLoRUFG1JMzxdTjmnW6ONVOHdqC9a5bt3vBCEY3jmXNqV26A==}
    cpu: [x64]
    os: [darwin]
    requiresBuild: true
    dev: true
    optional: true

  /lmdb-linux-arm/2.3.10:
    resolution: {integrity: sha512-Rb8+4JjsThuEcJ7GLLwFkCFnoiwv/3hAAbELWITz70buQFF+dCZvCWWgEgmDTxwn5r+wIkdUjmFv4dqqiKQFmQ==}
    cpu: [arm]
    os: [linux]
    requiresBuild: true
    dev: true
    optional: true

  /lmdb-linux-arm64/2.3.10:
    resolution: {integrity: sha512-Ihr8mdICTK3jA4GXHxrXGK2oekn0mY6zuDSXQDNtyRSH19j3D2Y04A7SEI9S0EP/t5sjKSudYgZbiHDxRCsI5A==}
    cpu: [arm64]
    os: [linux]
    requiresBuild: true
    dev: true
    optional: true

  /lmdb-linux-x64/2.3.10:
    resolution: {integrity: sha512-E3l3pDiCA9uvnLf+t3qkmBGRO01dp1EHD0x0g0iRnfpAhV7wYbayJGfG93BUt22Tj3fnq4HDo4dQ6ZWaDI1nuw==}
    cpu: [x64]
    os: [linux]
    requiresBuild: true
    dev: true
    optional: true

  /lmdb-win32-x64/2.3.10:
    resolution: {integrity: sha512-gspWk34tDANhjn+brdqZstJMptGiwj4qFNVg0Zey9ds+BUlif+Lgf5szrfOVzZ8gVRkk1Lgbz7i78+V7YK7SCA==}
    cpu: [x64]
    os: [win32]
    requiresBuild: true
    dev: true
    optional: true

  /lmdb/2.3.10:
    resolution: {integrity: sha512-GtH+nStn9V59CfYeQ5ddx6YTfuFCmu86UJojIjJAweG+/Fm0PDknuk3ovgYDtY/foMeMdZa8/P7oSljW/d5UPw==}
    requiresBuild: true
    dependencies:
      msgpackr: 1.6.1
      nan: 2.16.0
      node-addon-api: 4.3.0
      node-gyp-build-optional-packages: 4.3.5
      ordered-binary: 1.2.5
      weak-lru-cache: 1.2.2
    optionalDependencies:
      lmdb-darwin-arm64: 2.3.10
      lmdb-darwin-x64: 2.3.10
      lmdb-linux-arm: 2.3.10
      lmdb-linux-arm64: 2.3.10
      lmdb-linux-x64: 2.3.10
      lmdb-win32-x64: 2.3.10
    dev: true

  /lmdb/2.5.2:
    resolution: {integrity: sha512-V5V5Xa2Hp9i2XsbDALkBTeHXnBXh/lEmk9p22zdr7jtuOIY9TGhjK6vAvTpOOx9IKU4hJkRWZxn/HsvR1ELLtA==}
    requiresBuild: true
    dependencies:
      msgpackr: 1.6.1
      node-addon-api: 4.3.0
      node-gyp-build-optional-packages: 5.0.3
      ordered-binary: 1.2.5
      weak-lru-cache: 1.2.2
    optionalDependencies:
      '@lmdb/lmdb-darwin-arm64': 2.5.2
      '@lmdb/lmdb-darwin-x64': 2.5.2
      '@lmdb/lmdb-linux-arm': 2.5.2
      '@lmdb/lmdb-linux-arm64': 2.5.2
      '@lmdb/lmdb-linux-x64': 2.5.2
      '@lmdb/lmdb-win32-x64': 2.5.2
    dev: true

  /lunr/2.3.9:
    resolution: {integrity: sha512-zTU3DaZaF3Rt9rhN3uBMGQD3dD2/vFQqnvZCDv4dl5iOzq2IZQqTxu90r4E5J+nP70J3ilqVCrbho2eWaeW8Ow==}
    dev: true

  /marked/4.0.17:
    resolution: {integrity: sha512-Wfk0ATOK5iPxM4ptrORkFemqroz0ZDxp5MWfYA7H/F+wO17NRWV5Ypxi6p3g2Xmw2bKeiYOl6oVnLHKxBA0VhA==}
    engines: {node: '>= 12'}
    hasBin: true
    dev: true

  /minimatch/5.1.0:
    resolution: {integrity: sha512-9TPBGGak4nHfGZsPBohm9AWg6NoT7QTCehS3BIJABslyZbzxfV78QM2Y6+i741OPZIafFAaiiEMh5OyIrJPgtg==}
    engines: {node: '>=10'}
    dependencies:
      brace-expansion: 2.0.1
    dev: true

  /msgpackr-extract/2.0.2:
    resolution: {integrity: sha512-coskCeJG2KDny23zWeu+6tNy7BLnAiOGgiwzlgdm4oeSsTpqEJJPguHIuKZcCdB7tzhZbXNYSg6jZAXkZErkJA==}
    requiresBuild: true
    dependencies:
      node-gyp-build-optional-packages: 5.0.2
    optionalDependencies:
      '@msgpackr-extract/msgpackr-extract-darwin-arm64': 2.0.2
      '@msgpackr-extract/msgpackr-extract-darwin-x64': 2.0.2
      '@msgpackr-extract/msgpackr-extract-linux-arm': 2.0.2
      '@msgpackr-extract/msgpackr-extract-linux-arm64': 2.0.2
      '@msgpackr-extract/msgpackr-extract-linux-x64': 2.0.2
      '@msgpackr-extract/msgpackr-extract-win32-x64': 2.0.2
    dev: true
    optional: true

  /msgpackr/1.6.1:
    resolution: {integrity: sha512-Je+xBEfdjtvA4bKaOv8iRhjC8qX2oJwpYH4f7JrG4uMVJVmnmkAT4pjKdbztKprGj3iwjcxPzb5umVZ02Qq3tA==}
    optionalDependencies:
      msgpackr-extract: 2.0.2
    dev: true

  /nan/2.16.0:
    resolution: {integrity: sha512-UdAqHyFngu7TfQKsCBgAA6pWDkT8MAO7d0jyOecVhN5354xbLqdn8mV9Tat9gepAupm0bt2DbeaSC8vS52MuFA==}
    dev: true

  /node-addon-api/3.2.1:
    resolution: {integrity: sha512-mmcei9JghVNDYydghQmeDX8KoAm0FAiYyIcUt/N4nhyAipB17pllZQDOJD2fotxABnt4Mdz+dKTO7eftLg4d0A==}
    dev: true

  /node-addon-api/4.3.0:
    resolution: {integrity: sha512-73sE9+3UaLYYFmDsFZnqCInzPyh3MqIwZO9cw58yIqAZhONrrabrYyYe3TuIqtIiOuTXVhsGau8hcrhhwSsDIQ==}
    dev: true

  /node-gyp-build-optional-packages/4.3.5:
    resolution: {integrity: sha512-5ke7D8SiQsTQL7CkHpfR1tLwfqtKc0KYEmlnkwd40jHCASskZeS98qoZ1qDUns2aUQWikcjidRUs6PM/3iyN/w==}
    hasBin: true
    dev: true

  /node-gyp-build-optional-packages/5.0.2:
    resolution: {integrity: sha512-PiN4NWmlQPqvbEFcH/omQsswWQbe5Z9YK/zdB23irp5j2XibaA2IrGvpSWmVVG4qMZdmPdwPctSy4a86rOMn6g==}
    hasBin: true
    dev: true
    optional: true

  /node-gyp-build-optional-packages/5.0.3:
    resolution: {integrity: sha512-k75jcVzk5wnnc/FMxsf4udAoTEUv2jY3ycfdSd3yWu6Cnd1oee6/CfZJApyscA4FJOmdoixWwiwOyf16RzD5JA==}
    hasBin: true
    dev: true

  /node-gyp-build/4.4.0:
    resolution: {integrity: sha512-amJnQCcgtRVw9SvoebO3BKGESClrfXGCUTX9hSn1OuGQTQBOZmVd0Z0OlecpuRksKvbsUqALE8jls/ErClAPuQ==}
    hasBin: true
    dev: true

  /node-releases/2.0.5:
    resolution: {integrity: sha512-U9h1NLROZTq9uE1SNffn6WuPDg8icmi3ns4rEl/oTfIle4iLjTliCzgTsbaIFMq/Xn078/lfY/BL0GWZ+psK4Q==}
    dev: true

  /nullthrows/1.1.1:
    resolution: {integrity: sha512-2vPPEi+Z7WqML2jZYddDIfy5Dqb0r2fze2zTxNNknZaFpVHU3mFB3R+DWeJWGVx0ecvttSGlJTI+WG+8Z4cDWw==}
    dev: true

  /ordered-binary/1.2.5:
    resolution: {integrity: sha512-djRmZoEpOGvIRW7ufsCDHtvcUa18UC9TxnPbHhSVFZHsoyg0dtut1bWtBZ/fmxdPN62oWXrV6adM7NoWU+CneA==}
    dev: true

  /picocolors/1.0.0:
    resolution: {integrity: sha512-1fygroTLlHu66zi26VoTDv8yRgm0Fccecssto+MhsZ0D/DGW2sm8E8AjW7NU5VVTRt5GxbeZ5qBuJr+HyLYkjQ==}
    dev: true

  /safe-buffer/5.2.1:
    resolution: {integrity: sha512-rp3So07KcdmmKbGvgaNxQSJr7bGVSVk5S9Eq1F+ppbRo70+YeaDxkw5Dd8NPN+GD6bjnYm2VuPuCXmpuYvmCXQ==}
    dev: true

  /semver/5.7.1:
    resolution: {integrity: sha512-sauaDf/PZdVgrLTNYHRtpXa1iRiKcaebiKQ1BJdpQlWH2lCvexQdX55snPFyK7QzpudqbCI0qXFfOasHdyNDGQ==}
    hasBin: true
    dev: true

  /shiki/0.10.1:
    resolution: {integrity: sha512-VsY7QJVzU51j5o1+DguUd+6vmCmZ5v/6gYu4vyYAhzjuNQU6P/vmSy4uQaOhvje031qQMiW0d2BwgMH52vqMng==}
    dependencies:
      jsonc-parser: 3.0.0
      vscode-oniguruma: 1.6.2
      vscode-textmate: 5.2.0
    dev: true

  /supports-color/7.2.0:
    resolution: {integrity: sha512-qpCAvRl9stuOHveKsn7HncJRvv501qIacKzQlO/+Lwxc9+0q2wLyv4Dfvt80/DPn2pqOBsJdDiogXGR9+OvwRw==}
    engines: {node: '>=8'}
    dependencies:
      has-flag: 4.0.0
    dev: true

  /typedoc/0.23.5_typescript@4.7.2:
    resolution: {integrity: sha512-5ydWUOe4E9Z3a/r33cC5X5CJPLnFDKIondHYtdnEnO0sa/s8f+Nrfe+LBGOk/UTkV2IPYyL1Gm1PtUKIihklyw==}
    engines: {node: '>= 14.14'}
    hasBin: true
    peerDependencies:
      typescript: 4.6.x || 4.7.x
    dependencies:
      lunr: 2.3.9
      marked: 4.0.17
      minimatch: 5.1.0
      shiki: 0.10.1
      typescript: 4.7.2
    dev: true

  /typescript/4.7.2:
    resolution: {integrity: sha512-Mamb1iX2FDUpcTRzltPxgWMKy3fhg0TN378ylbktPGPK/99KbDtMQ4W1hwgsbPAsG3a0xKa1vmw4VKZQbkvz5A==}
    engines: {node: '>=4.2.0'}
    hasBin: true
    dev: true

  /update-browserslist-db/1.0.4_browserslist@4.21.1:
    resolution: {integrity: sha512-jnmO2BEGUjsMOe/Fg9u0oczOe/ppIDZPebzccl1yDWGLFP16Pa1/RM5wEoKYPG2zstNcDuAStejyxsOuKINdGA==}
    hasBin: true
    peerDependencies:
      browserslist: '>= 4.21.0'
    dependencies:
      browserslist: 4.21.1
      escalade: 3.1.1
      picocolors: 1.0.0
    dev: true

  /utility-types/3.10.0:
    resolution: {integrity: sha512-O11mqxmi7wMKCo6HKFt5AhO4BwY3VV68YU07tgxfz8zJTIxr4BpsezN49Ffwy9j3ZpwwJp4fkRwjRzq3uWE6Rg==}
    engines: {node: '>= 4'}
    dev: true

  /vscode-oniguruma/1.6.2:
    resolution: {integrity: sha512-KH8+KKov5eS/9WhofZR8M8dMHWN2gTxjMsG4jd04YhpbPR91fUj7rYQ2/XjeHCJWbg7X++ApRIU9NUwM2vTvLA==}
    dev: true

  /vscode-textmate/5.2.0:
    resolution: {integrity: sha512-Uw5ooOQxRASHgu6C7GVvUxisKXfSgW4oFlO+aa+PAkgmH89O3CXxEEzNRNtHSqtXFTl0nAC1uYj0GMSH27uwtQ==}
    dev: true

  /weak-lru-cache/1.2.2:
    resolution: {integrity: sha512-DEAoo25RfSYMuTGc9vPJzZcZullwIqRDSI9LOy+fkCJPi6hykCnfKaXTuPBDuXAUcqHXyOgFtHNp/kB2FjYHbw==}
    dev: true

  /xxhash-wasm/0.4.2:
    resolution: {integrity: sha512-/eyHVRJQCirEkSZ1agRSCwriMhwlyUcFkXD5TPVSLP+IPzjsqMVzZwdoczLp1SoQU0R3dxz1RpIK+4YNQbCVOA==}
    dev: true

  localhost+4873/@types/arcgis-js-api/4.23.1:
    resolution: {integrity: sha512-r3lO6+rVdM6rNfD5fppqNaWWlDE/NAON9xP6EKqTDCNBh++zaE/JZVfmNu2glW4vbWp6gbbMcTTHNxCQcoDR7Q==, registry: http://127.0.0.1:4873/, tarball: http://localhost:4873/@types%2farcgis-js-api/-/arcgis-js-api-4.23.1.tgz}
    name: '@types/arcgis-js-api'
    version: 4.23.1
    dev: true

  localhost+4873/esri-loader/3.5.0:
    resolution: {integrity: sha512-rIXyT51x/co86DPORKBMMldJrdLjghDepJ3WjDVTr2yZXBbghMbGgNA8yIQ9Pd/Gw6/fMgF9YHZU+wjRHRCDoA==, registry: http://127.0.0.1:4873/, tarball: http://localhost:4873/esri-loader/-/esri-loader-3.5.0.tgz}
    name: esri-loader
    version: 3.5.0
    dev: false
